// !$*UTF8*$!
{
	archiveVersion = 1;
	classes = {
	};
	objectVersion = 50;
	objects = {

/* Begin PBXBuildFile section */
		846A6F8C2327DCE5007F8773 /* AppDelegate.swift in Sources */ = {isa = PBXBuildFile; fileRef = 846A6F8B2327DCE5007F8773 /* AppDelegate.swift */; };
		846A6F8E2327DCE5007F8773 /* ViewController.swift in Sources */ = {isa = PBXBuildFile; fileRef = 846A6F8D2327DCE5007F8773 /* ViewController.swift */; };
		846A6F912327DCE5007F8773 /* Main.storyboard in Resources */ = {isa = PBXBuildFile; fileRef = 846A6F8F2327DCE5007F8773 /* Main.storyboard */; };
		846A6F932327DCE6007F8773 /* Assets.xcassets in Resources */ = {isa = PBXBuildFile; fileRef = 846A6F922327DCE6007F8773 /* Assets.xcassets */; };
		846A6F962327DCE6007F8773 /* LaunchScreen.storyboard in Resources */ = {isa = PBXBuildFile; fileRef = 846A6F942327DCE6007F8773 /* LaunchScreen.storyboard */; };
		846A6FA1232E3BE5007F8773 /* CalendrierViewController.swift in Sources */ = {isa = PBXBuildFile; fileRef = 846A6FA0232E3BE5007F8773 /* CalendrierViewController.swift */; };
		846A6FA3232E3D8A007F8773 /* NewsViewController.swift in Sources */ = {isa = PBXBuildFile; fileRef = 846A6FA2232E3D8A007F8773 /* NewsViewController.swift */; };
		846A6FA5232E3D9E007F8773 /* EffectifViewController.swift in Sources */ = {isa = PBXBuildFile; fileRef = 846A6FA4232E3D9E007F8773 /* EffectifViewController.swift */; };
/* End PBXBuildFile section */

/* Begin PBXFileReference section */
		846A6F882327DCE5007F8773 /* MHR.app */ = {isa = PBXFileReference; explicitFileType = wrapper.application; includeInIndex = 0; path = MHR.app; sourceTree = BUILT_PRODUCTS_DIR; };
		846A6F8B2327DCE5007F8773 /* AppDelegate.swift */ = {isa = PBXFileReference; lastKnownFileType = sourcecode.swift; path = AppDelegate.swift; sourceTree = "<group>"; };
		846A6F8D2327DCE5007F8773 /* ViewController.swift */ = {isa = PBXFileReference; lastKnownFileType = sourcecode.swift; path = ViewController.swift; sourceTree = "<group>"; };
		846A6F902327DCE5007F8773 /* Base */ = {isa = PBXFileReference; lastKnownFileType = file.storyboard; name = Base; path = Base.lproj/Main.storyboard; sourceTree = "<group>"; };
		846A6F922327DCE6007F8773 /* Assets.xcassets */ = {isa = PBXFileReference; lastKnownFileType = folder.assetcatalog; path = Assets.xcassets; sourceTree = "<group>"; };
		846A6F952327DCE6007F8773 /* Base */ = {isa = PBXFileReference; lastKnownFileType = file.storyboard; name = Base; path = Base.lproj/LaunchScreen.storyboard; sourceTree = "<group>"; };
		846A6F972327DCE6007F8773 /* Info.plist */ = {isa = PBXFileReference; lastKnownFileType = text.plist.xml; path = Info.plist; sourceTree = "<group>"; };
		846A6FA0232E3BE5007F8773 /* CalendrierViewController.swift */ = {isa = PBXFileReference; lastKnownFileType = sourcecode.swift; path = CalendrierViewController.swift; sourceTree = "<group>"; };
		846A6FA2232E3D8A007F8773 /* NewsViewController.swift */ = {isa = PBXFileReference; lastKnownFileType = sourcecode.swift; path = NewsViewController.swift; sourceTree = "<group>"; };
		846A6FA4232E3D9E007F8773 /* EffectifViewController.swift */ = {isa = PBXFileReference; lastKnownFileType = sourcecode.swift; path = EffectifViewController.swift; sourceTree = "<group>"; };
/* End PBXFileReference section */

/* Begin PBXFrameworksBuildPhase section */
		846A6F852327DCE5007F8773 /* Frameworks */ = {
			isa = PBXFrameworksBuildPhase;
			buildActionMask = 2147483647;
			files = (
			);
			runOnlyForDeploymentPostprocessing = 0;
		};
/* End PBXFrameworksBuildPhase section */

/* Begin PBXGroup section */
		846A6F7F2327DCE5007F8773 = {
			isa = PBXGroup;
			children = (
				846A6F8A2327DCE5007F8773 /* MHR */,
				846A6F892327DCE5007F8773 /* Products */,
			);
			sourceTree = "<group>";
		};
		846A6F892327DCE5007F8773 /* Products */ = {
			isa = PBXGroup;
			children = (
				846A6F882327DCE5007F8773 /* MHR.app */,
			);
			name = Products;
			sourceTree = "<group>";
		};
		846A6F8A2327DCE5007F8773 /* MHR */ = {
			isa = PBXGroup;
			children = (
				846A6F9D232E3910007F8773 /* Modele */,
				846A6F9E232E391F007F8773 /* Vue */,
				846A6F9F232E3957007F8773 /* Controller */,
				846A6F8B2327DCE5007F8773 /* AppDelegate.swift */,
				846A6F8D2327DCE5007F8773 /* ViewController.swift */,
				846A6F8F2327DCE5007F8773 /* Main.storyboard */,
				846A6F922327DCE6007F8773 /* Assets.xcassets */,
				846A6F942327DCE6007F8773 /* LaunchScreen.storyboard */,
				846A6F972327DCE6007F8773 /* Info.plist */,
			);
			path = MHR;
			sourceTree = "<group>";
		};
		846A6F9D232E3910007F8773 /* Modele */ = {
			isa = PBXGroup;
			children = (
			);
			path = Modele;
			sourceTree = "<group>";
		};
		846A6F9E232E391F007F8773 /* Vue */ = {
			isa = PBXGroup;
			children = (
				846A6FA0232E3BE5007F8773 /* CalendrierViewController.swift */,
				846A6FA2232E3D8A007F8773 /* NewsViewController.swift */,
				846A6FA4232E3D9E007F8773 /* EffectifViewController.swift */,
			);
			path = Vue;
			sourceTree = "<group>";
		};
		846A6F9F232E3957007F8773 /* Controller */ = {
			isa = PBXGroup;
			children = (
			);
			path = Controller;
			sourceTree = "<group>";
		};
/* End PBXGroup section */

/* Begin PBXNativeTarget section */
		846A6F872327DCE5007F8773 /* MHR */ = {
			isa = PBXNativeTarget;
			buildConfigurationList = 846A6F9A2327DCE6007F8773 /* Build configuration list for PBXNativeTarget "MHR" */;
			buildPhases = (
				846A6F842327DCE5007F8773 /* Sources */,
				846A6F852327DCE5007F8773 /* Frameworks */,
				846A6F862327DCE5007F8773 /* Resources */,
			);
			buildRules = (
			);
			dependencies = (
			);
			name = MHR;
			productName = MHR;
			productReference = 846A6F882327DCE5007F8773 /* MHR.app */;
			productType = "com.apple.product-type.application";
		};
/* End PBXNativeTarget section */

/* Begin PBXProject section */
		846A6F802327DCE5007F8773 /* Project object */ = {
			isa = PBXProject;
			attributes = {
				LastSwiftUpdateCheck = 1030;
				LastUpgradeCheck = 1030;
				ORGANIZATIONNAME = "Jules Viot";
				TargetAttributes = {
					846A6F872327DCE5007F8773 = {
						CreatedOnToolsVersion = 10.3;
					};
				};
			};
			buildConfigurationList = 846A6F832327DCE5007F8773 /* Build configuration list for PBXProject "MHR" */;
			compatibilityVersion = "Xcode 9.3";
			developmentRegion = en;
			hasScannedForEncodings = 0;
			knownRegions = (
				en,
				Base,
			);
			mainGroup = 846A6F7F2327DCE5007F8773;
			productRefGroup = 846A6F892327DCE5007F8773 /* Products */;
			projectDirPath = "";
			projectRoot = "";
			targets = (
				846A6F872327DCE5007F8773 /* MHR */,
			);
		};
/* End PBXProject section */

/* Begin PBXResourcesBuildPhase section */
		846A6F862327DCE5007F8773 /* Resources */ = {
			isa = PBXResourcesBuildPhase;
			buildActionMask = 2147483647;
			files = (
				846A6F962327DCE6007F8773 /* LaunchScreen.storyboard in Resources */,
				846A6F932327DCE6007F8773 /* Assets.xcassets in Resources */,
				846A6F912327DCE5007F8773 /* Main.storyboard in Resources */,
			);
			runOnlyForDeploymentPostprocessing = 0;
		};
/* End PBXResourcesBuildPhase section */

/* Begin PBXSourcesBuildPhase section */
		846A6F842327DCE5007F8773 /* Sources */ = {
			isa = PBXSourcesBuildPhase;
			buildActionMask = 2147483647;
			files = (
				846A6FA1232E3BE5007F8773 /* CalendrierViewController.swift in Sources */,
				846A6F8E2327DCE5007F8773 /* ViewController.swift in Sources */,
				846A6F8C2327DCE5007F8773 /* AppDelegate.swift in Sources */,
				846A6FA5232E3D9E007F8773 /* EffectifViewController.swift in Sources */,
				846A6FA3232E3D8A007F8773 /* NewsViewController.swift in Sources */,
			);
			runOnlyForDeploymentPostprocessing = 0;
		};
/* End PBXSourcesBuildPhase section */

/* Begin PBXVariantGroup section */
		846A6F8F2327DCE5007F8773 /* Main.storyboard */ = {
			isa = PBXVariantGroup;
			children = (
				846A6F902327DCE5007F8773 /* Base */,
			);
			name = Main.storyboard;
			sourceTree = "<group>";
		};
		846A6F942327DCE6007F8773 /* LaunchScreen.storyboard */ = {
			isa = PBXVariantGroup;
			children = (
				846A6F952327DCE6007F8773 /* Base */,
			);
			name = LaunchScreen.storyboard;
			sourceTree = "<group>";
		};
/* End PBXVariantGroup section */

/* Begin XCBuildConfiguration section */
		846A6F982327DCE6007F8773 /* Debug */ = {
			isa = XCBuildConfiguration;
			buildSettings = {
				ALWAYS_SEARCH_USER_PATHS = NO;
				CLANG_ANALYZER_NONNULL = YES;
				CLANG_ANALYZER_NUMBER_OBJECT_CONVERSION = YES_AGGRESSIVE;
				CLANG_CXX_LANGUAGE_STANDARD = "gnu++14";
				CLANG_CXX_LIBRARY = "libc++";
				CLANG_ENABLE_MODULES = YES;
				CLANG_ENABLE_OBJC_ARC = YES;
				CLANG_ENABLE_OBJC_WEAK = YES;
				CLANG_WARN_BLOCK_CAPTURE_AUTORELEASING = YES;
				CLANG_WARN_BOOL_CONVERSION = YES;
				CLANG_WARN_COMMA = YES;
				CLANG_WARN_CONSTANT_CONVERSION = YES;
				CLANG_WARN_DEPRECATED_OBJC_IMPLEMENTATIONS = YES;
				CLANG_WARN_DIRECT_OBJC_ISA_USAGE = YES_ERROR;
				CLANG_WARN_DOCUMENTATION_COMMENTS = YES;
				CLANG_WARN_EMPTY_BODY = YES;
				CLANG_WARN_ENUM_CONVERSION = YES;
				CLANG_WARN_INFINITE_RECURSION = YES;
				CLANG_WARN_INT_CONVERSION = YES;
				CLANG_WARN_NON_LITERAL_NULL_CONVERSION = YES;
				CLANG_WARN_OBJC_IMPLICIT_RETAIN_SELF = YES;
				CLANG_WARN_OBJC_LITERAL_CONVERSION = YES;
				CLANG_WARN_OBJC_ROOT_CLASS = YES_ERROR;
				CLANG_WARN_RANGE_LOOP_ANALYSIS = YES;
				CLANG_WARN_STRICT_PROTOTYPES = YES;
				CLANG_WARN_SUSPICIOUS_MOVE = YES;
				CLANG_WARN_UNGUARDED_AVAILABILITY = YES_AGGRESSIVE;
				CLANG_WARN_UNREACHABLE_CODE = YES;
				CLANG_WARN__DUPLICATE_METHOD_MATCH = YES;
				CODE_SIGN_IDENTITY = "iPhone Developer";
				COPY_PHASE_STRIP = NO;
				DEBUG_INFORMATION_FORMAT = dwarf;
				ENABLE_STRICT_OBJC_MSGSEND = YES;
				ENABLE_TESTABILITY = YES;
				GCC_C_LANGUAGE_STANDARD = gnu11;
				GCC_DYNAMIC_NO_PIC = NO;
				GCC_NO_COMMON_BLOCKS = YES;
				GCC_OPTIMIZATION_LEVEL = 0;
				GCC_PREPROCESSOR_DEFINITIONS = (
					"DEBUG=1",
					"$(inherited)",
				);
				GCC_WARN_64_TO_32_BIT_CONVERSION = YES;
				GCC_WARN_ABOUT_RETURN_TYPE = YES_ERROR;
				GCC_WARN_UNDECLARED_SELECTOR = YES;
				GCC_WARN_UNINITIALIZED_AUTOS = YES_AGGRESSIVE;
				GCC_WARN_UNUSED_FUNCTION = YES;
				GCC_WARN_UNUSED_VARIABLE = YES;
				IPHONEOS_DEPLOYMENT_TARGET = 12.4;
				MTL_ENABLE_DEBUG_INFO = INCLUDE_SOURCE;
				MTL_FAST_MATH = YES;
				ONLY_ACTIVE_ARCH = YES;
				SDKROOT = iphoneos;
				SWIFT_ACTIVE_COMPILATION_CONDITIONS = DEBUG;
				SWIFT_OPTIMIZATION_LEVEL = "-Onone";
			};
			name = Debug;
		};
		846A6F992327DCE6007F8773 /* Release */ = {
			isa = XCBuildConfiguration;
			buildSettings = {
				ALWAYS_SEARCH_USER_PATHS = NO;
				CLANG_ANALYZER_NONNULL = YES;
				CLANG_ANALYZER_NUMBER_OBJECT_CONVERSION = YES_AGGRESSIVE;
				CLANG_CXX_LANGUAGE_STANDARD = "gnu++14";
				CLANG_CXX_LIBRARY = "libc++";
				CLANG_ENABLE_MODULES = YES;
				CLANG_ENABLE_OBJC_ARC = YES;
				CLANG_ENABLE_OBJC_WEAK = YES;
				CLANG_WARN_BLOCK_CAPTURE_AUTORELEASING = YES;
				CLANG_WARN_BOOL_CONVERSION = YES;
				CLANG_WARN_COMMA = YES;
				CLANG_WARN_CONSTANT_CONVERSION = YES;
				CLANG_WARN_DEPRECATED_OBJC_IMPLEMENTATIONS = YES;
				CLANG_WARN_DIRECT_OBJC_ISA_USAGE = YES_ERROR;
				CLANG_WARN_DOCUMENTATION_COMMENTS = YES;
				CLANG_WARN_EMPTY_BODY = YES;
				CLANG_WARN_ENUM_CONVERSION = YES;
				CLANG_WARN_INFINITE_RECURSION = YES;
				CLANG_WARN_INT_CONVERSION = YES;
				CLANG_WARN_NON_LITERAL_NULL_CONVERSION = YES;
				CLANG_WARN_OBJC_IMPLICIT_RETAIN_SELF = YES;
				CLANG_WARN_OBJC_LITERAL_CONVERSION = YES;
				CLANG_WARN_OBJC_ROOT_CLASS = YES_ERROR;
				CLANG_WARN_RANGE_LOOP_ANALYSIS = YES;
				CLANG_WARN_STRICT_PROTOTYPES = YES;
				CLANG_WARN_SUSPICIOUS_MOVE = YES;
				CLANG_WARN_UNGUARDED_AVAILABILITY = YES_AGGRESSIVE;
				CLANG_WARN_UNREACHABLE_CODE = YES;
				CLANG_WARN__DUPLICATE_METHOD_MATCH = YES;
				CODE_SIGN_IDENTITY = "iPhone Developer";
				COPY_PHASE_STRIP = NO;
				DEBUG_INFORMATION_FORMAT = "dwarf-with-dsym";
				ENABLE_NS_ASSERTIONS = NO;
				ENABLE_STRICT_OBJC_MSGSEND = YES;
				GCC_C_LANGUAGE_STANDARD = gnu11;
				GCC_NO_COMMON_BLOCKS = YES;
				GCC_WARN_64_TO_32_BIT_CONVERSION = YES;
				GCC_WARN_ABOUT_RETURN_TYPE = YES_ERROR;
				GCC_WARN_UNDECLARED_SELECTOR = YES;
				GCC_WARN_UNINITIALIZED_AUTOS = YES_AGGRESSIVE;
				GCC_WARN_UNUSED_FUNCTION = YES;
				GCC_WARN_UNUSED_VARIABLE = YES;
				IPHONEOS_DEPLOYMENT_TARGET = 12.4;
				MTL_ENABLE_DEBUG_INFO = NO;
				MTL_FAST_MATH = YES;
				SDKROOT = iphoneos;
				SWIFT_COMPILATION_MODE = wholemodule;
				SWIFT_OPTIMIZATION_LEVEL = "-O";
				VALIDATE_PRODUCT = YES;
			};
			name = Release;
		};
		846A6F9B2327DCE6007F8773 /* Debug */ = {
			isa = XCBuildConfiguration;
			buildSettings = {
				ASSETCATALOG_COMPILER_APPICON_NAME = AppIcon;
				CODE_SIGN_STYLE = Automatic;
				DEVELOPMENT_TEAM = NJZAWC8QD5;
				INFOPLIST_FILE = MHR/Info.plist;
				LD_RUNPATH_SEARCH_PATHS = (
					"$(inherited)",
					"@executable_path/Frameworks",
				);
				PRODUCT_BUNDLE_IDENTIFIER = jules.MHR;
				PRODUCT_NAME = "$(TARGET_NAME)";
				SWIFT_VERSION = 5.0;
				TARGETED_DEVICE_FAMILY = "1,2";
			};
			name = Debug;
		};
		846A6F9C2327DCE6007F8773 /* Release */ = {
			isa = XCBuildConfiguration;
			buildSettings = {
				ASSETCATALOG_COMPILER_APPICON_NAME = AppIcon;
				CODE_SIGN_STYLE = Automatic;
				DEVELOPMENT_TEAM = NJZAWC8QD5;
				INFOPLIST_FILE = MHR/Info.plist;
				LD_RUNPATH_SEARCH_PATHS = (
					"$(inherited)",
					"@executable_path/Frameworks",
				);
				PRODUCT_BUNDLE_IDENTIFIER = jules.MHR;
				PRODUCT_NAME = "$(TARGET_NAME)";
				SWIFT_VERSION = 5.0;
				TARGETED_DEVICE_FAMILY = "1,2";
			};
			name = Release;
		};
/* End XCBuildConfiguration section */

/* Begin XCConfigurationList section */
		846A6F832327DCE5007F8773 /* Build configuration list for PBXProject "MHR" */ = {
			isa = XCConfigurationList;
			buildConfigurations = (
				846A6F982327DCE6007F8773 /* Debug */,
				846A6F992327DCE6007F8773 /* Release */,
			);
			defaultConfigurationIsVisible = 0;
			defaultConfigurationName = Release;
		};
		846A6F9A2327DCE6007F8773 /* Build configuration list for PBXNativeTarget "MHR" */ = {
			isa = XCConfigurationList;
			buildConfigurations = (
				846A6F9B2327DCE6007F8773 /* Debug */,
				846A6F9C2327DCE6007F8773 /* Release */,
			);
			defaultConfigurationIsVisible = 0;
			defaultConfigurationName = Release;
		};
/* End XCConfigurationList section */
	};
	rootObject = 846A6F802327DCE5007F8773 /* Project object */;
}
